
Microsoft Visual Studio Solution File, Format Version 12.00
# Visual Studio Version 17
VisualStudioVersion = 17.4.33103.184
MinimumVisualStudioVersion = 10.0.40219.1
Project("{9A19103F-16F7-4668-BE54-9A1E7A4F7556}") = "TostiTime.API", "TostiTime.API\TostiTime.API.csproj", "{413ED3F7-AD62-4FC7-81DC-D99634A25876}"
EndProject
Project("{9A19103F-16F7-4668-BE54-9A1E7A4F7556}") = "TostiTime.Core", "TostiTime.Core\TostiTime.Core.csproj", "{5122AE52-D0AB-46FC-8701-DA8BED03C3BC}"
EndProject
Project("{9A19103F-16F7-4668-BE54-9A1E7A4F7556}") = "TostiTime.Data", "TostiTime.Data\TostiTime.Data.csproj", "{CF3474A9-05D6-4C0B-9B0C-5B16FF8D2396}"
EndProject
Global
	GlobalSection(SolutionConfigurationPlatforms) = preSolution
		Debug|Any CPU = Debug|Any CPU
		Release|Any CPU = Release|Any CPU
	EndGlobalSection
	GlobalSection(ProjectConfigurationPlatforms) = postSolution
		{413ED3F7-AD62-4FC7-81DC-D99634A25876}.Debug|Any CPU.ActiveCfg = Debug|Any CPU
		{413ED3F7-AD62-4FC7-81DC-D99634A25876}.Debug|Any CPU.Build.0 = Debug|Any CPU
		{413ED3F7-AD62-4FC7-81DC-D99634A25876}.Release|Any CPU.ActiveCfg = Release|Any CPU
		{413ED3F7-AD62-4FC7-81DC-D99634A25876}.Release|Any CPU.Build.0 = Release|Any CPU
		{5122AE52-D0AB-46FC-8701-DA8BED03C3BC}.Debug|Any CPU.ActiveCfg = Debug|Any CPU
		{5122AE52-D0AB-46FC-8701-DA8BED03C3BC}.Debug|Any CPU.Build.0 = Debug|Any CPU
		{5122AE52-D0AB-46FC-8701-DA8BED03C3BC}.Release|Any CPU.ActiveCfg = Release|Any CPU
		{5122AE52-D0AB-46FC-8701-DA8BED03C3BC}.Release|Any CPU.Build.0 = Release|Any CPU
		{CF3474A9-05D6-4C0B-9B0C-5B16FF8D2396}.Debug|Any CPU.ActiveCfg = Debug|Any CPU
		{CF3474A9-05D6-4C0B-9B0C-5B16FF8D2396}.Debug|Any CPU.Build.0 = Debug|Any CPU
		{CF3474A9-05D6-4C0B-9B0C-5B16FF8D2396}.Release|Any CPU.ActiveCfg = Release|Any CPU
		{CF3474A9-05D6-4C0B-9B0C-5B16FF8D2396}.Release|Any CPU.Build.0 = Release|Any CPU
	EndGlobalSection
	GlobalSection(SolutionProperties) = preSolution
		HideSolutionNode = FALSE
	EndGlobalSection
	GlobalSection(ExtensibilityGlobals) = postSolution
		SolutionGuid = {584FBE5C-5F52-4415-90AF-152957ECCAEA}
	EndGlobalSection
EndGlobal
